
Microsoft Visual Studio Solution File, Format Version 12.00
# Visual Studio Version 17
VisualStudioVersion = 17.0.31903.59
MinimumVisualStudioVersion = 10.0.40219.1
Project("{FAE04EC0-301F-11D3-BF4B-00C04F79EFBC}") = "RevitAPITR7._1", "RevitAPITR3\RevitAPITR7._1.csproj", "{84342E62-44ED-45A4-8D3B-A7D578CC0902}"
EndProject
Project("{FAE04EC0-301F-11D3-BF4B-00C04F79EFBC}") = "RevitAPITrainingLibrary", "..\RevitAPITrainingLibrary\RevitAPITrainingLibrary\RevitAPITrainingLibrary.csproj", "{188FD378-6E78-4F02-8D74-CF3979B25939}"
EndProject
Global
	GlobalSection(SolutionConfigurationPlatforms) = preSolution
		Debug|Any CPU = Debug|Any CPU
		Release|Any CPU = Release|Any CPU
	EndGlobalSection
	GlobalSection(ProjectConfigurationPlatforms) = postSolution
		{84342E62-44ED-45A4-8D3B-A7D578CC0902}.Debug|Any CPU.ActiveCfg = Debug|Any CPU
		{84342E62-44ED-45A4-8D3B-A7D578CC0902}.Debug|Any CPU.Build.0 = Debug|Any CPU
		{84342E62-44ED-45A4-8D3B-A7D578CC0902}.Release|Any CPU.ActiveCfg = Release|Any CPU
		{84342E62-44ED-45A4-8D3B-A7D578CC0902}.Release|Any CPU.Build.0 = Release|Any CPU
		{188FD378-6E78-4F02-8D74-CF3979B25939}.Debug|Any CPU.ActiveCfg = Debug|Any CPU
		{188FD378-6E78-4F02-8D74-CF3979B25939}.Debug|Any CPU.Build.0 = Debug|Any CPU
		{188FD378-6E78-4F02-8D74-CF3979B25939}.Release|Any CPU.ActiveCfg = Release|Any CPU
		{188FD378-6E78-4F02-8D74-CF3979B25939}.Release|Any CPU.Build.0 = Release|Any CPU
	EndGlobalSection
	GlobalSection(SolutionProperties) = preSolution
		HideSolutionNode = FALSE
	EndGlobalSection
	GlobalSection(ExtensibilityGlobals) = postSolution
		SolutionGuid = {65EE88E7-DE02-4592-B5B9-D3CC6AF563CF}
	EndGlobalSection
EndGlobal
